// !$*UTF8*$!
{
	archiveVersion = 1;
	classes = {
	};
	objectVersion = 50;
	objects = {

/* Begin PBXBuildFile section */
		DE1F5BFE21F9686E00ADA89C /* XcodeKitUtil.swift in Sources */ = {isa = PBXBuildFile; fileRef = DE1F5BFB21F9686E00ADA89C /* XcodeKitUtil.swift */; };
		DE1F5C0221F98EA700ADA89C /* StringExtension.swift in Sources */ = {isa = PBXBuildFile; fileRef = DE1F5BFF21F98EA700ADA89C /* StringExtension.swift */; };
		DE432E6E213530AE0018D555 /* AppDelegate.swift in Sources */ = {isa = PBXBuildFile; fileRef = DE432E6D213530AE0018D555 /* AppDelegate.swift */; };
		DE432E70213530AE0018D555 /* ViewController.swift in Sources */ = {isa = PBXBuildFile; fileRef = DE432E6F213530AE0018D555 /* ViewController.swift */; };
		DE432E72213530B00018D555 /* Assets.xcassets in Resources */ = {isa = PBXBuildFile; fileRef = DE432E71213530B00018D555 /* Assets.xcassets */; };
		DE432E75213530B00018D555 /* Main.storyboard in Resources */ = {isa = PBXBuildFile; fileRef = DE432E73213530B00018D555 /* Main.storyboard */; };
		DE57294E21F9B41B005CD293 /* StringExtension.swift in Sources */ = {isa = PBXBuildFile; fileRef = DE1F5BFF21F98EA700ADA89C /* StringExtension.swift */; };
		DE57295021F9B9B7005CD293 /* TypeModel.swift in Sources */ = {isa = PBXBuildFile; fileRef = DE57294F21F9B9B7005CD293 /* TypeModel.swift */; };
		DE5E851621E78BF400F2DC48 /* Cocoa.framework in Frameworks */ = {isa = PBXBuildFile; fileRef = DE432E83213530F60018D555 /* Cocoa.framework */; };
		DE5E851921E78BF400F2DC48 /* SourceEditorExtension.swift in Sources */ = {isa = PBXBuildFile; fileRef = DE5E851821E78BF400F2DC48 /* SourceEditorExtension.swift */; };
		DE5E851B21E78BF400F2DC48 /* SourceEditorCommand.swift in Sources */ = {isa = PBXBuildFile; fileRef = DE5E851A21E78BF400F2DC48 /* SourceEditorCommand.swift */; };
		DE5E852021E78BF400F2DC48 /* ConvertFromSnakeCase.appex in Embed App Extensions */ = {isa = PBXBuildFile; fileRef = DE5E851521E78BF400F2DC48 /* ConvertFromSnakeCase.appex */; settings = {ATTRIBUTES = (RemoveHeadersOnCopy, ); }; };
		DEAC87D92202F49F0088C4EF /* Cocoa.framework in Frameworks */ = {isa = PBXBuildFile; fileRef = DE432E83213530F60018D555 /* Cocoa.framework */; };
		DEAC87DC2202F49F0088C4EF /* SourceEditorExtension.swift in Sources */ = {isa = PBXBuildFile; fileRef = DEAC87DB2202F49F0088C4EF /* SourceEditorExtension.swift */; };
		DEAC87DE2202F49F0088C4EF /* SourceEditorCommand.swift in Sources */ = {isa = PBXBuildFile; fileRef = DEAC87DD2202F49F0088C4EF /* SourceEditorCommand.swift */; };
		DEAC87E32202F49F0088C4EF /* DeleteEmptyLines.appex in Embed App Extensions */ = {isa = PBXBuildFile; fileRef = DEAC87D82202F49F0088C4EF /* DeleteEmptyLines.appex */; settings = {ATTRIBUTES = (RemoveHeadersOnCopy, ); }; };
		DEAC87E72202F5660088C4EF /* StringExtension.swift in Sources */ = {isa = PBXBuildFile; fileRef = DE1F5BFF21F98EA700ADA89C /* StringExtension.swift */; };
		DEAC87E82202F57E0088C4EF /* XcodeKitUtil.swift in Sources */ = {isa = PBXBuildFile; fileRef = DE1F5BFB21F9686E00ADA89C /* XcodeKitUtil.swift */; };
		DEAC87EE2202F6930088C4EF /* Cocoa.framework in Frameworks */ = {isa = PBXBuildFile; fileRef = DE432E83213530F60018D555 /* Cocoa.framework */; };
		DEAC87F12202F6930088C4EF /* SourceEditorExtension.swift in Sources */ = {isa = PBXBuildFile; fileRef = DEAC87F02202F6930088C4EF /* SourceEditorExtension.swift */; };
		DEAC87F32202F6930088C4EF /* SourceEditorCommand.swift in Sources */ = {isa = PBXBuildFile; fileRef = DEAC87F22202F6930088C4EF /* SourceEditorCommand.swift */; };
		DEAC87F82202F6930088C4EF /* SortLines.appex in Embed App Extensions */ = {isa = PBXBuildFile; fileRef = DEAC87ED2202F6930088C4EF /* SortLines.appex */; settings = {ATTRIBUTES = (RemoveHeadersOnCopy, ); }; };
		DEAC87FC2202F6B70088C4EF /* XcodeKitUtil.swift in Sources */ = {isa = PBXBuildFile; fileRef = DE1F5BFB21F9686E00ADA89C /* XcodeKitUtil.swift */; };
		DEAC87FD2202F6BA0088C4EF /* StringExtension.swift in Sources */ = {isa = PBXBuildFile; fileRef = DE1F5BFF21F98EA700ADA89C /* StringExtension.swift */; };
/* End PBXBuildFile section */

/* Begin PBXContainerItemProxy section */
		DE5E851E21E78BF400F2DC48 /* PBXContainerItemProxy */ = {
			isa = PBXContainerItemProxy;
			containerPortal = DE432E62213530AE0018D555 /* Project object */;
			proxyType = 1;
			remoteGlobalIDString = DE5E851421E78BF400F2DC48;
			remoteInfo = ConvertFromSnakeCase;
		};
		DEAC87E12202F49F0088C4EF /* PBXContainerItemProxy */ = {
			isa = PBXContainerItemProxy;
			containerPortal = DE432E62213530AE0018D555 /* Project object */;
			proxyType = 1;
			remoteGlobalIDString = DEAC87D72202F49F0088C4EF;
			remoteInfo = DeleteEmptyLines;
		};
		DEAC87F62202F6930088C4EF /* PBXContainerItemProxy */ = {
			isa = PBXContainerItemProxy;
			containerPortal = DE432E62213530AE0018D555 /* Project object */;
			proxyType = 1;
			remoteGlobalIDString = DEAC87EC2202F6930088C4EF;
			remoteInfo = SortLines;
		};
/* End PBXContainerItemProxy section */

/* Begin PBXCopyFilesBuildPhase section */
		DE432E92213530F60018D555 /* Embed App Extensions */ = {
			isa = PBXCopyFilesBuildPhase;
			buildActionMask = 2147483647;
			dstPath = "";
			dstSubfolderSpec = 13;
			files = (
				DE5E852021E78BF400F2DC48 /* ConvertFromSnakeCase.appex in Embed App Extensions */,
				DEAC87F82202F6930088C4EF /* SortLines.appex in Embed App Extensions */,
				DEAC87E32202F49F0088C4EF /* DeleteEmptyLines.appex in Embed App Extensions */,
			);
			name = "Embed App Extensions";
			runOnlyForDeploymentPostprocessing = 0;
		};
		DE5E853521E78C3500F2DC48 /* Embed Frameworks */ = {
			isa = PBXCopyFilesBuildPhase;
			buildActionMask = 2147483647;
			dstPath = "";
			dstSubfolderSpec = 10;
			files = (
			);
			name = "Embed Frameworks";
			runOnlyForDeploymentPostprocessing = 0;
		};
/* End PBXCopyFilesBuildPhase section */

/* Begin PBXFileReference section */
		DE1F5BFB21F9686E00ADA89C /* XcodeKitUtil.swift */ = {isa = PBXFileReference; lastKnownFileType = sourcecode.swift; path = XcodeKitUtil.swift; sourceTree = "<group>"; };
		DE1F5BFF21F98EA700ADA89C /* StringExtension.swift */ = {isa = PBXFileReference; lastKnownFileType = sourcecode.swift; path = StringExtension.swift; sourceTree = "<group>"; };
		DE432E6A213530AE0018D555 /* XcodeExtension.app */ = {isa = PBXFileReference; explicitFileType = wrapper.application; includeInIndex = 0; path = XcodeExtension.app; sourceTree = BUILT_PRODUCTS_DIR; };
		DE432E6D213530AE0018D555 /* AppDelegate.swift */ = {isa = PBXFileReference; lastKnownFileType = sourcecode.swift; path = AppDelegate.swift; sourceTree = "<group>"; };
		DE432E6F213530AE0018D555 /* ViewController.swift */ = {isa = PBXFileReference; lastKnownFileType = sourcecode.swift; path = ViewController.swift; sourceTree = "<group>"; };
		DE432E71213530B00018D555 /* Assets.xcassets */ = {isa = PBXFileReference; lastKnownFileType = folder.assetcatalog; path = Assets.xcassets; sourceTree = "<group>"; };
		DE432E74213530B00018D555 /* Base */ = {isa = PBXFileReference; lastKnownFileType = file.storyboard; name = Base; path = Base.lproj/Main.storyboard; sourceTree = "<group>"; };
		DE432E76213530B00018D555 /* Info.plist */ = {isa = PBXFileReference; lastKnownFileType = text.plist.xml; path = Info.plist; sourceTree = "<group>"; };
		DE432E77213530B00018D555 /* XcodeExtension.entitlements */ = {isa = PBXFileReference; lastKnownFileType = text.plist.entitlements; path = XcodeExtension.entitlements; sourceTree = "<group>"; };
		DE432E83213530F60018D555 /* Cocoa.framework */ = {isa = PBXFileReference; lastKnownFileType = wrapper.framework; name = Cocoa.framework; path = System/Library/Frameworks/Cocoa.framework; sourceTree = SDKROOT; };
		DE57294F21F9B9B7005CD293 /* TypeModel.swift */ = {isa = PBXFileReference; lastKnownFileType = sourcecode.swift; path = TypeModel.swift; sourceTree = "<group>"; };
		DE5E851521E78BF400F2DC48 /* ConvertFromSnakeCase.appex */ = {isa = PBXFileReference; explicitFileType = "wrapper.app-extension"; includeInIndex = 0; path = ConvertFromSnakeCase.appex; sourceTree = BUILT_PRODUCTS_DIR; };
		DE5E851821E78BF400F2DC48 /* SourceEditorExtension.swift */ = {isa = PBXFileReference; lastKnownFileType = sourcecode.swift; path = SourceEditorExtension.swift; sourceTree = "<group>"; };
		DE5E851A21E78BF400F2DC48 /* SourceEditorCommand.swift */ = {isa = PBXFileReference; lastKnownFileType = sourcecode.swift; path = SourceEditorCommand.swift; sourceTree = "<group>"; };
		DE5E851C21E78BF400F2DC48 /* Info.plist */ = {isa = PBXFileReference; lastKnownFileType = text.plist.xml; path = Info.plist; sourceTree = "<group>"; };
		DE5E851D21E78BF400F2DC48 /* ConvertFromSnakeCase.entitlements */ = {isa = PBXFileReference; lastKnownFileType = text.plist.entitlements; path = ConvertFromSnakeCase.entitlements; sourceTree = "<group>"; };
		DEAC87D82202F49F0088C4EF /* DeleteEmptyLines.appex */ = {isa = PBXFileReference; explicitFileType = "wrapper.app-extension"; includeInIndex = 0; path = DeleteEmptyLines.appex; sourceTree = BUILT_PRODUCTS_DIR; };
		DEAC87DB2202F49F0088C4EF /* SourceEditorExtension.swift */ = {isa = PBXFileReference; lastKnownFileType = sourcecode.swift; path = SourceEditorExtension.swift; sourceTree = "<group>"; };
		DEAC87DD2202F49F0088C4EF /* SourceEditorCommand.swift */ = {isa = PBXFileReference; lastKnownFileType = sourcecode.swift; path = SourceEditorCommand.swift; sourceTree = "<group>"; };
		DEAC87DF2202F49F0088C4EF /* Info.plist */ = {isa = PBXFileReference; lastKnownFileType = text.plist.xml; path = Info.plist; sourceTree = "<group>"; };
		DEAC87E02202F49F0088C4EF /* DeleteEmptyLines.entitlements */ = {isa = PBXFileReference; lastKnownFileType = text.plist.entitlements; path = DeleteEmptyLines.entitlements; sourceTree = "<group>"; };
		DEAC87ED2202F6930088C4EF /* SortLines.appex */ = {isa = PBXFileReference; explicitFileType = "wrapper.app-extension"; includeInIndex = 0; path = SortLines.appex; sourceTree = BUILT_PRODUCTS_DIR; };
		DEAC87F02202F6930088C4EF /* SourceEditorExtension.swift */ = {isa = PBXFileReference; lastKnownFileType = sourcecode.swift; path = SourceEditorExtension.swift; sourceTree = "<group>"; };
		DEAC87F22202F6930088C4EF /* SourceEditorCommand.swift */ = {isa = PBXFileReference; lastKnownFileType = sourcecode.swift; path = SourceEditorCommand.swift; sourceTree = "<group>"; };
		DEAC87F42202F6930088C4EF /* Info.plist */ = {isa = PBXFileReference; lastKnownFileType = text.plist.xml; path = Info.plist; sourceTree = "<group>"; };
		DEAC87F52202F6930088C4EF /* SortLines.entitlements */ = {isa = PBXFileReference; lastKnownFileType = text.plist.entitlements; path = SortLines.entitlements; sourceTree = "<group>"; };
/* End PBXFileReference section */

/* Begin PBXFrameworksBuildPhase section */
		DE432E67213530AE0018D555 /* Frameworks */ = {
			isa = PBXFrameworksBuildPhase;
			buildActionMask = 2147483647;
			files = (
			);
			runOnlyForDeploymentPostprocessing = 0;
		};
		DE5E851221E78BF400F2DC48 /* Frameworks */ = {
			isa = PBXFrameworksBuildPhase;
			buildActionMask = 2147483647;
			files = (
				DE5E851621E78BF400F2DC48 /* Cocoa.framework in Frameworks */,
			);
			runOnlyForDeploymentPostprocessing = 0;
		};
		DEAC87D52202F49F0088C4EF /* Frameworks */ = {
			isa = PBXFrameworksBuildPhase;
			buildActionMask = 2147483647;
			files = (
				DEAC87D92202F49F0088C4EF /* Cocoa.framework in Frameworks */,
			);
			runOnlyForDeploymentPostprocessing = 0;
		};
		DEAC87EA2202F6930088C4EF /* Frameworks */ = {
			isa = PBXFrameworksBuildPhase;
			buildActionMask = 2147483647;
			files = (
				DEAC87EE2202F6930088C4EF /* Cocoa.framework in Frameworks */,
			);
			runOnlyForDeploymentPostprocessing = 0;
		};
/* End PBXFrameworksBuildPhase section */

/* Begin PBXGroup section */
		DE1F5BFA21F967D800ADA89C /* Common */ = {
			isa = PBXGroup;
			children = (
				DE1F5BFB21F9686E00ADA89C /* XcodeKitUtil.swift */,
				DE1F5BFF21F98EA700ADA89C /* StringExtension.swift */,
				DE57294F21F9B9B7005CD293 /* TypeModel.swift */,
			);
			path = Common;
			sourceTree = "<group>";
		};
		DE432E61213530AE0018D555 = {
			isa = PBXGroup;
			children = (
				DE1F5BFA21F967D800ADA89C /* Common */,
				DE432E6C213530AE0018D555 /* XcodeExtension */,
				DE5E851721E78BF400F2DC48 /* ConvertFromSnakeCase */,
				DEAC87DA2202F49F0088C4EF /* DeleteEmptyLines */,
				DEAC87EF2202F6930088C4EF /* SortLines */,
				DE432E82213530F60018D555 /* Frameworks */,
				DE432E6B213530AE0018D555 /* Products */,
			);
			sourceTree = "<group>";
		};
		DE432E6B213530AE0018D555 /* Products */ = {
			isa = PBXGroup;
			children = (
				DE432E6A213530AE0018D555 /* XcodeExtension.app */,
				DE5E851521E78BF400F2DC48 /* ConvertFromSnakeCase.appex */,
				DEAC87D82202F49F0088C4EF /* DeleteEmptyLines.appex */,
				DEAC87ED2202F6930088C4EF /* SortLines.appex */,
			);
			name = Products;
			sourceTree = "<group>";
		};
		DE432E6C213530AE0018D555 /* XcodeExtension */ = {
			isa = PBXGroup;
			children = (
				DE432E6D213530AE0018D555 /* AppDelegate.swift */,
				DE432E6F213530AE0018D555 /* ViewController.swift */,
				DE432E71213530B00018D555 /* Assets.xcassets */,
				DE432E73213530B00018D555 /* Main.storyboard */,
				DE432E76213530B00018D555 /* Info.plist */,
				DE432E77213530B00018D555 /* XcodeExtension.entitlements */,
			);
			path = XcodeExtension;
			sourceTree = "<group>";
		};
		DE432E82213530F60018D555 /* Frameworks */ = {
			isa = PBXGroup;
			children = (
				DE432E83213530F60018D555 /* Cocoa.framework */,
			);
			name = Frameworks;
			sourceTree = "<group>";
		};
		DE5E851721E78BF400F2DC48 /* ConvertFromSnakeCase */ = {
			isa = PBXGroup;
			children = (
				DE5E851821E78BF400F2DC48 /* SourceEditorExtension.swift */,
				DE5E851A21E78BF400F2DC48 /* SourceEditorCommand.swift */,
				DE5E851C21E78BF400F2DC48 /* Info.plist */,
				DE5E851D21E78BF400F2DC48 /* ConvertFromSnakeCase.entitlements */,
			);
			path = ConvertFromSnakeCase;
			sourceTree = "<group>";
		};
		DEAC87DA2202F49F0088C4EF /* DeleteEmptyLines */ = {
			isa = PBXGroup;
			children = (
				DEAC87DB2202F49F0088C4EF /* SourceEditorExtension.swift */,
				DEAC87DD2202F49F0088C4EF /* SourceEditorCommand.swift */,
				DEAC87DF2202F49F0088C4EF /* Info.plist */,
				DEAC87E02202F49F0088C4EF /* DeleteEmptyLines.entitlements */,
			);
			path = DeleteEmptyLines;
			sourceTree = "<group>";
		};
		DEAC87EF2202F6930088C4EF /* SortLines */ = {
			isa = PBXGroup;
			children = (
				DEAC87F02202F6930088C4EF /* SourceEditorExtension.swift */,
				DEAC87F22202F6930088C4EF /* SourceEditorCommand.swift */,
				DEAC87F42202F6930088C4EF /* Info.plist */,
				DEAC87F52202F6930088C4EF /* SortLines.entitlements */,
			);
			path = SortLines;
			sourceTree = "<group>";
		};
/* End PBXGroup section */

/* Begin PBXNativeTarget section */
		DE432E69213530AE0018D555 /* XcodeExtension */ = {
			isa = PBXNativeTarget;
			buildConfigurationList = DE432E7A213530B00018D555 /* Build configuration list for PBXNativeTarget "XcodeExtension" */;
			buildPhases = (
				DE432E66213530AE0018D555 /* Sources */,
				DE432E67213530AE0018D555 /* Frameworks */,
				DE432E68213530AE0018D555 /* Resources */,
				DE432E92213530F60018D555 /* Embed App Extensions */,
				DE5E853521E78C3500F2DC48 /* Embed Frameworks */,
			);
			buildRules = (
			);
			dependencies = (
				DE5E851F21E78BF400F2DC48 /* PBXTargetDependency */,
				DEAC87E22202F49F0088C4EF /* PBXTargetDependency */,
				DEAC87F72202F6930088C4EF /* PBXTargetDependency */,
			);
			name = XcodeExtension;
			productName = XcodeExtension;
			productReference = DE432E6A213530AE0018D555 /* XcodeExtension.app */;
			productType = "com.apple.product-type.application";
		};
		DE5E851421E78BF400F2DC48 /* ConvertFromSnakeCase */ = {
			isa = PBXNativeTarget;
			buildConfigurationList = DE5E852321E78BF400F2DC48 /* Build configuration list for PBXNativeTarget "ConvertFromSnakeCase" */;
			buildPhases = (
				DE5E851121E78BF400F2DC48 /* Sources */,
				DE5E851221E78BF400F2DC48 /* Frameworks */,
				DE5E851321E78BF400F2DC48 /* Resources */,
			);
			buildRules = (
			);
			dependencies = (
			);
			name = ConvertFromSnakeCase;
			productName = ConvertFromSnakeCase;
			productReference = DE5E851521E78BF400F2DC48 /* ConvertFromSnakeCase.appex */;
			productType = "com.apple.product-type.xcode-extension";
		};
		DEAC87D72202F49F0088C4EF /* DeleteEmptyLines */ = {
			isa = PBXNativeTarget;
			buildConfigurationList = DEAC87E42202F49F0088C4EF /* Build configuration list for PBXNativeTarget "DeleteEmptyLines" */;
			buildPhases = (
				DEAC87D42202F49F0088C4EF /* Sources */,
				DEAC87D52202F49F0088C4EF /* Frameworks */,
				DEAC87D62202F49F0088C4EF /* Resources */,
			);
			buildRules = (
			);
			dependencies = (
			);
			name = DeleteEmptyLines;
			productName = DeleteEmptyLines;
			productReference = DEAC87D82202F49F0088C4EF /* DeleteEmptyLines.appex */;
			productType = "com.apple.product-type.xcode-extension";
		};
		DEAC87EC2202F6930088C4EF /* SortLines */ = {
			isa = PBXNativeTarget;
			buildConfigurationList = DEAC87F92202F6930088C4EF /* Build configuration list for PBXNativeTarget "SortLines" */;
			buildPhases = (
				DEAC87E92202F6930088C4EF /* Sources */,
				DEAC87EA2202F6930088C4EF /* Frameworks */,
				DEAC87EB2202F6930088C4EF /* Resources */,
			);
			buildRules = (
			);
			dependencies = (
			);
			name = SortLines;
			productName = SortLines;
			productReference = DEAC87ED2202F6930088C4EF /* SortLines.appex */;
			productType = "com.apple.product-type.xcode-extension";
		};
/* End PBXNativeTarget section */

/* Begin PBXProject section */
		DE432E62213530AE0018D555 /* Project object */ = {
			isa = PBXProject;
			attributes = {
				LastSwiftUpdateCheck = 1010;
				LastUpgradeCheck = 1140;
				ORGANIZATIONNAME = baitianwei;
				TargetAttributes = {
					DE432E69213530AE0018D555 = {
						CreatedOnToolsVersion = 9.4.1;
						LastSwiftMigration = 1140;
					};
					DE5E851421E78BF400F2DC48 = {
						CreatedOnToolsVersion = 10.1;
						LastSwiftMigration = 1140;
					};
					DEAC87D72202F49F0088C4EF = {
						CreatedOnToolsVersion = 10.1;
						LastSwiftMigration = 1140;
					};
					DEAC87EC2202F6930088C4EF = {
						CreatedOnToolsVersion = 10.1;
						LastSwiftMigration = 1140;
					};
				};
			};
			buildConfigurationList = DE432E65213530AE0018D555 /* Build configuration list for PBXProject "XcodeExtension" */;
			compatibilityVersion = "Xcode 9.3";
			developmentRegion = en;
			hasScannedForEncodings = 0;
			knownRegions = (
				en,
				Base,
			);
			mainGroup = DE432E61213530AE0018D555;
			productRefGroup = DE432E6B213530AE0018D555 /* Products */;
			projectDirPath = "";
			projectRoot = "";
			targets = (
				DE432E69213530AE0018D555 /* XcodeExtension */,
				DE5E851421E78BF400F2DC48 /* ConvertFromSnakeCase */,
				DEAC87D72202F49F0088C4EF /* DeleteEmptyLines */,
				DEAC87EC2202F6930088C4EF /* SortLines */,
			);
		};
/* End PBXProject section */

/* Begin PBXResourcesBuildPhase section */
		DE432E68213530AE0018D555 /* Resources */ = {
			isa = PBXResourcesBuildPhase;
			buildActionMask = 2147483647;
			files = (
				DE432E72213530B00018D555 /* Assets.xcassets in Resources */,
				DE432E75213530B00018D555 /* Main.storyboard in Resources */,
			);
			runOnlyForDeploymentPostprocessing = 0;
		};
		DE5E851321E78BF400F2DC48 /* Resources */ = {
			isa = PBXResourcesBuildPhase;
			buildActionMask = 2147483647;
			files = (
			);
			runOnlyForDeploymentPostprocessing = 0;
		};
		DEAC87D62202F49F0088C4EF /* Resources */ = {
			isa = PBXResourcesBuildPhase;
			buildActionMask = 2147483647;
			files = (
			);
			runOnlyForDeploymentPostprocessing = 0;
		};
		DEAC87EB2202F6930088C4EF /* Resources */ = {
			isa = PBXResourcesBuildPhase;
			buildActionMask = 2147483647;
			files = (
			);
			runOnlyForDeploymentPostprocessing = 0;
		};
/* End PBXResourcesBuildPhase section */

/* Begin PBXSourcesBuildPhase section */
		DE432E66213530AE0018D555 /* Sources */ = {
			isa = PBXSourcesBuildPhase;
			buildActionMask = 2147483647;
			files = (
				DE432E70213530AE0018D555 /* ViewController.swift in Sources */,
				DE57295021F9B9B7005CD293 /* TypeModel.swift in Sources */,
				DE57294E21F9B41B005CD293 /* StringExtension.swift in Sources */,
				DE432E6E213530AE0018D555 /* AppDelegate.swift in Sources */,
			);
			runOnlyForDeploymentPostprocessing = 0;
		};
		DE5E851121E78BF400F2DC48 /* Sources */ = {
			isa = PBXSourcesBuildPhase;
			buildActionMask = 2147483647;
			files = (
				DE5E851921E78BF400F2DC48 /* SourceEditorExtension.swift in Sources */,
				DE1F5C0221F98EA700ADA89C /* StringExtension.swift in Sources */,
				DE1F5BFE21F9686E00ADA89C /* XcodeKitUtil.swift in Sources */,
				DE5E851B21E78BF400F2DC48 /* SourceEditorCommand.swift in Sources */,
			);
			runOnlyForDeploymentPostprocessing = 0;
		};
		DEAC87D42202F49F0088C4EF /* Sources */ = {
			isa = PBXSourcesBuildPhase;
			buildActionMask = 2147483647;
			files = (
				DEAC87DC2202F49F0088C4EF /* SourceEditorExtension.swift in Sources */,
				DEAC87DE2202F49F0088C4EF /* SourceEditorCommand.swift in Sources */,
				DEAC87E82202F57E0088C4EF /* XcodeKitUtil.swift in Sources */,
				DEAC87E72202F5660088C4EF /* StringExtension.swift in Sources */,
			);
			runOnlyForDeploymentPostprocessing = 0;
		};
		DEAC87E92202F6930088C4EF /* Sources */ = {
			isa = PBXSourcesBuildPhase;
			buildActionMask = 2147483647;
			files = (
				DEAC87FD2202F6BA0088C4EF /* StringExtension.swift in Sources */,
				DEAC87FC2202F6B70088C4EF /* XcodeKitUtil.swift in Sources */,
				DEAC87F12202F6930088C4EF /* SourceEditorExtension.swift in Sources */,
				DEAC87F32202F6930088C4EF /* SourceEditorCommand.swift in Sources */,
			);
			runOnlyForDeploymentPostprocessing = 0;
		};
/* End PBXSourcesBuildPhase section */

/* Begin PBXTargetDependency section */
		DE5E851F21E78BF400F2DC48 /* PBXTargetDependency */ = {
			isa = PBXTargetDependency;
			target = DE5E851421E78BF400F2DC48 /* ConvertFromSnakeCase */;
			targetProxy = DE5E851E21E78BF400F2DC48 /* PBXContainerItemProxy */;
		};
		DEAC87E22202F49F0088C4EF /* PBXTargetDependency */ = {
			isa = PBXTargetDependency;
			target = DEAC87D72202F49F0088C4EF /* DeleteEmptyLines */;
			targetProxy = DEAC87E12202F49F0088C4EF /* PBXContainerItemProxy */;
		};
		DEAC87F72202F6930088C4EF /* PBXTargetDependency */ = {
			isa = PBXTargetDependency;
			target = DEAC87EC2202F6930088C4EF /* SortLines */;
			targetProxy = DEAC87F62202F6930088C4EF /* PBXContainerItemProxy */;
		};
/* End PBXTargetDependency section */

/* Begin PBXVariantGroup section */
		DE432E73213530B00018D555 /* Main.storyboard */ = {
			isa = PBXVariantGroup;
			children = (
				DE432E74213530B00018D555 /* Base */,
			);
			name = Main.storyboard;
			sourceTree = "<group>";
		};
/* End PBXVariantGroup section */

/* Begin XCBuildConfiguration section */
		DE432E78213530B00018D555 /* Debug */ = {
			isa = XCBuildConfiguration;
			buildSettings = {
				ALWAYS_SEARCH_USER_PATHS = NO;
				CLANG_ANALYZER_NONNULL = YES;
				CLANG_ANALYZER_NUMBER_OBJECT_CONVERSION = YES_AGGRESSIVE;
				CLANG_CXX_LANGUAGE_STANDARD = "gnu++14";
				CLANG_CXX_LIBRARY = "libc++";
				CLANG_ENABLE_MODULES = YES;
				CLANG_ENABLE_OBJC_ARC = YES;
				CLANG_ENABLE_OBJC_WEAK = YES;
				CLANG_WARN_BLOCK_CAPTURE_AUTORELEASING = YES;
				CLANG_WARN_BOOL_CONVERSION = YES;
				CLANG_WARN_COMMA = YES;
				CLANG_WARN_CONSTANT_CONVERSION = YES;
				CLANG_WARN_DEPRECATED_OBJC_IMPLEMENTATIONS = YES;
				CLANG_WARN_DIRECT_OBJC_ISA_USAGE = YES_ERROR;
				CLANG_WARN_DOCUMENTATION_COMMENTS = YES;
				CLANG_WARN_EMPTY_BODY = YES;
				CLANG_WARN_ENUM_CONVERSION = YES;
				CLANG_WARN_INFINITE_RECURSION = YES;
				CLANG_WARN_INT_CONVERSION = YES;
				CLANG_WARN_NON_LITERAL_NULL_CONVERSION = YES;
				CLANG_WARN_OBJC_IMPLICIT_RETAIN_SELF = YES;
				CLANG_WARN_OBJC_LITERAL_CONVERSION = YES;
				CLANG_WARN_OBJC_ROOT_CLASS = YES_ERROR;
				CLANG_WARN_RANGE_LOOP_ANALYSIS = YES;
				CLANG_WARN_STRICT_PROTOTYPES = YES;
				CLANG_WARN_SUSPICIOUS_MOVE = YES;
				CLANG_WARN_UNGUARDED_AVAILABILITY = YES_AGGRESSIVE;
				CLANG_WARN_UNREACHABLE_CODE = YES;
				CLANG_WARN__DUPLICATE_METHOD_MATCH = YES;
				CODE_SIGN_IDENTITY = "Mac Developer";
				COPY_PHASE_STRIP = NO;
				DEBUG_INFORMATION_FORMAT = dwarf;
				ENABLE_STRICT_OBJC_MSGSEND = YES;
				ENABLE_TESTABILITY = YES;
				GCC_C_LANGUAGE_STANDARD = gnu11;
				GCC_DYNAMIC_NO_PIC = NO;
				GCC_NO_COMMON_BLOCKS = YES;
				GCC_OPTIMIZATION_LEVEL = 0;
				GCC_PREPROCESSOR_DEFINITIONS = (
					"DEBUG=1",
					"$(inherited)",
				);
				GCC_WARN_64_TO_32_BIT_CONVERSION = YES;
				GCC_WARN_ABOUT_RETURN_TYPE = YES_ERROR;
				GCC_WARN_UNDECLARED_SELECTOR = YES;
				GCC_WARN_UNINITIALIZED_AUTOS = YES_AGGRESSIVE;
				GCC_WARN_UNUSED_FUNCTION = YES;
				GCC_WARN_UNUSED_VARIABLE = YES;
				MACOSX_DEPLOYMENT_TARGET = 10.13;
				MTL_ENABLE_DEBUG_INFO = YES;
				ONLY_ACTIVE_ARCH = YES;
				SDKROOT = macosx;
				SWIFT_ACTIVE_COMPILATION_CONDITIONS = DEBUG;
				SWIFT_OPTIMIZATION_LEVEL = "-Onone";
			};
			name = Debug;
		};
		DE432E79213530B00018D555 /* Release */ = {
			isa = XCBuildConfiguration;
			buildSettings = {
				ALWAYS_SEARCH_USER_PATHS = NO;
				CLANG_ANALYZER_NONNULL = YES;
				CLANG_ANALYZER_NUMBER_OBJECT_CONVERSION = YES_AGGRESSIVE;
				CLANG_CXX_LANGUAGE_STANDARD = "gnu++14";
				CLANG_CXX_LIBRARY = "libc++";
				CLANG_ENABLE_MODULES = YES;
				CLANG_ENABLE_OBJC_ARC = YES;
				CLANG_ENABLE_OBJC_WEAK = YES;
				CLANG_WARN_BLOCK_CAPTURE_AUTORELEASING = YES;
				CLANG_WARN_BOOL_CONVERSION = YES;
				CLANG_WARN_COMMA = YES;
				CLANG_WARN_CONSTANT_CONVERSION = YES;
				CLANG_WARN_DEPRECATED_OBJC_IMPLEMENTATIONS = YES;
				CLANG_WARN_DIRECT_OBJC_ISA_USAGE = YES_ERROR;
				CLANG_WARN_DOCUMENTATION_COMMENTS = YES;
				CLANG_WARN_EMPTY_BODY = YES;
				CLANG_WARN_ENUM_CONVERSION = YES;
				CLANG_WARN_INFINITE_RECURSION = YES;
				CLANG_WARN_INT_CONVERSION = YES;
				CLANG_WARN_NON_LITERAL_NULL_CONVERSION = YES;
				CLANG_WARN_OBJC_IMPLICIT_RETAIN_SELF = YES;
				CLANG_WARN_OBJC_LITERAL_CONVERSION = YES;
				CLANG_WARN_OBJC_ROOT_CLASS = YES_ERROR;
				CLANG_WARN_RANGE_LOOP_ANALYSIS = YES;
				CLANG_WARN_STRICT_PROTOTYPES = YES;
				CLANG_WARN_SUSPICIOUS_MOVE = YES;
				CLANG_WARN_UNGUARDED_AVAILABILITY = YES_AGGRESSIVE;
				CLANG_WARN_UNREACHABLE_CODE = YES;
				CLANG_WARN__DUPLICATE_METHOD_MATCH = YES;
				CODE_SIGN_IDENTITY = "Mac Developer";
				COPY_PHASE_STRIP = NO;
				DEBUG_INFORMATION_FORMAT = "dwarf-with-dsym";
				ENABLE_NS_ASSERTIONS = NO;
				ENABLE_STRICT_OBJC_MSGSEND = YES;
				GCC_C_LANGUAGE_STANDARD = gnu11;
				GCC_NO_COMMON_BLOCKS = YES;
				GCC_WARN_64_TO_32_BIT_CONVERSION = YES;
				GCC_WARN_ABOUT_RETURN_TYPE = YES_ERROR;
				GCC_WARN_UNDECLARED_SELECTOR = YES;
				GCC_WARN_UNINITIALIZED_AUTOS = YES_AGGRESSIVE;
				GCC_WARN_UNUSED_FUNCTION = YES;
				GCC_WARN_UNUSED_VARIABLE = YES;
				MACOSX_DEPLOYMENT_TARGET = 10.13;
				MTL_ENABLE_DEBUG_INFO = NO;
				SDKROOT = macosx;
				SWIFT_COMPILATION_MODE = wholemodule;
				SWIFT_OPTIMIZATION_LEVEL = "-O";
			};
			name = Release;
		};
		DE432E7B213530B00018D555 /* Debug */ = {
			isa = XCBuildConfiguration;
			buildSettings = {
				ALWAYS_EMBED_SWIFT_STANDARD_LIBRARIES = YES;
				ASSETCATALOG_COMPILER_APPICON_NAME = AppIcon;
				CODE_SIGN_ENTITLEMENTS = XcodeExtension/XcodeExtension.entitlements;
				CODE_SIGN_IDENTITY = "-";
				CODE_SIGN_STYLE = Automatic;
				COMBINE_HIDPI_IMAGES = YES;
				DEVELOPMENT_TEAM = 332QVDVX2N;
				INFOPLIST_FILE = XcodeExtension/Info.plist;
				LD_RUNPATH_SEARCH_PATHS = (
					"$(inherited)",
					"@executable_path/../Frameworks",
				);
				MACOSX_DEPLOYMENT_TARGET = 10.10;
				PRODUCT_BUNDLE_IDENTIFIER = com.baitianwei.XcodeExtension;
				PRODUCT_NAME = "$(TARGET_NAME)";
				SWIFT_VERSION = 5.0;
			};
			name = Debug;
		};
		DE432E7C213530B00018D555 /* Release */ = {
			isa = XCBuildConfiguration;
			buildSettings = {
				ALWAYS_EMBED_SWIFT_STANDARD_LIBRARIES = YES;
				ASSETCATALOG_COMPILER_APPICON_NAME = AppIcon;
				CODE_SIGN_ENTITLEMENTS = XcodeExtension/XcodeExtension.entitlements;
				CODE_SIGN_IDENTITY = "-";
				CODE_SIGN_STYLE = Automatic;
				COMBINE_HIDPI_IMAGES = YES;
				DEVELOPMENT_TEAM = 332QVDVX2N;
				INFOPLIST_FILE = XcodeExtension/Info.plist;
				LD_RUNPATH_SEARCH_PATHS = (
					"$(inherited)",
					"@executable_path/../Frameworks",
				);
				MACOSX_DEPLOYMENT_TARGET = 10.10;
				PRODUCT_BUNDLE_IDENTIFIER = com.baitianwei.XcodeExtension;
				PRODUCT_NAME = "$(TARGET_NAME)";
				SWIFT_VERSION = 5.0;
			};
			name = Release;
		};
		DE5E852121E78BF400F2DC48 /* Debug */ = {
			isa = XCBuildConfiguration;
			buildSettings = {
				CODE_SIGN_ENTITLEMENTS = ConvertFromSnakeCase/ConvertFromSnakeCase.entitlements;
				CODE_SIGN_IDENTITY = "-";
				CODE_SIGN_STYLE = Automatic;
				COMBINE_HIDPI_IMAGES = YES;
				DEVELOPMENT_TEAM = 332QVDVX2N;
				INFOPLIST_FILE = ConvertFromSnakeCase/Info.plist;
				LD_RUNPATH_SEARCH_PATHS = (
					"$(inherited)",
					"@executable_path/../Frameworks",
					"@executable_path/../../../../Frameworks",
				);
				MACOSX_DEPLOYMENT_TARGET = 10.10;
				MTL_ENABLE_DEBUG_INFO = INCLUDE_SOURCE;
				MTL_FAST_MATH = YES;
				PRODUCT_BUNDLE_IDENTIFIER = com.baitianwei.XcodeExtension.ConvertFromSnakeCase;
				PRODUCT_NAME = "$(TARGET_NAME)";
				SKIP_INSTALL = YES;
				SWIFT_VERSION = 5.0;
			};
			name = Debug;
		};
		DE5E852221E78BF400F2DC48 /* Release */ = {
			isa = XCBuildConfiguration;
			buildSettings = {
				CODE_SIGN_ENTITLEMENTS = ConvertFromSnakeCase/ConvertFromSnakeCase.entitlements;
				CODE_SIGN_IDENTITY = "-";
				CODE_SIGN_STYLE = Automatic;
				COMBINE_HIDPI_IMAGES = YES;
				DEVELOPMENT_TEAM = 332QVDVX2N;
				INFOPLIST_FILE = ConvertFromSnakeCase/Info.plist;
				LD_RUNPATH_SEARCH_PATHS = (
					"$(inherited)",
					"@executable_path/../Frameworks",
					"@executable_path/../../../../Frameworks",
				);
				MACOSX_DEPLOYMENT_TARGET = 10.10;
				MTL_FAST_MATH = YES;
				PRODUCT_BUNDLE_IDENTIFIER = com.baitianwei.XcodeExtension.ConvertFromSnakeCase;
				PRODUCT_NAME = "$(TARGET_NAME)";
				SKIP_INSTALL = YES;
				SWIFT_VERSION = 5.0;
			};
			name = Release;
		};
		DEAC87E52202F49F0088C4EF /* Debug */ = {
			isa = XCBuildConfiguration;
			buildSettings = {
				CODE_SIGN_ENTITLEMENTS = DeleteEmptyLines/DeleteEmptyLines.entitlements;
				CODE_SIGN_IDENTITY = "-";
				CODE_SIGN_STYLE = Automatic;
				COMBINE_HIDPI_IMAGES = YES;
				DEVELOPMENT_TEAM = 332QVDVX2N;
				INFOPLIST_FILE = DeleteEmptyLines/Info.plist;
				LD_RUNPATH_SEARCH_PATHS = (
					"$(inherited)",
					"@executable_path/../Frameworks",
					"@executable_path/../../../../Frameworks",
				);
				MACOSX_DEPLOYMENT_TARGET = 10.10;
				MTL_ENABLE_DEBUG_INFO = INCLUDE_SOURCE;
				MTL_FAST_MATH = YES;
				PRODUCT_BUNDLE_IDENTIFIER = com.baitianwei.XcodeExtension.DeleteEmptyLines;
				PRODUCT_NAME = "$(TARGET_NAME)";
				SKIP_INSTALL = YES;
				SWIFT_VERSION = 5.0;
			};
			name = Debug;
		};
		DEAC87E62202F49F0088C4EF /* Release */ = {
			isa = XCBuildConfiguration;
			buildSettings = {
				CODE_SIGN_ENTITLEMENTS = DeleteEmptyLines/DeleteEmptyLines.entitlements;
				CODE_SIGN_IDENTITY = "-";
				CODE_SIGN_STYLE = Automatic;
				COMBINE_HIDPI_IMAGES = YES;
				DEVELOPMENT_TEAM = 332QVDVX2N;
				INFOPLIST_FILE = DeleteEmptyLines/Info.plist;
				LD_RUNPATH_SEARCH_PATHS = (
					"$(inherited)",
					"@executable_path/../Frameworks",
					"@executable_path/../../../../Frameworks",
				);
				MACOSX_DEPLOYMENT_TARGET = 10.10;
				MTL_FAST_MATH = YES;
				PRODUCT_BUNDLE_IDENTIFIER = com.baitianwei.XcodeExtension.DeleteEmptyLines;
				PRODUCT_NAME = "$(TARGET_NAME)";
				SKIP_INSTALL = YES;
				SWIFT_VERSION = 5.0;
			};
			name = Release;
		};
		DEAC87FA2202F6930088C4EF /* Debug */ = {
			isa = XCBuildConfiguration;
			buildSettings = {
				CODE_SIGN_ENTITLEMENTS = SortLines/SortLines.entitlements;
				CODE_SIGN_IDENTITY = "-";
				CODE_SIGN_STYLE = Automatic;
				COMBINE_HIDPI_IMAGES = YES;
				DEVELOPMENT_TEAM = 332QVDVX2N;
				INFOPLIST_FILE = SortLines/Info.plist;
				LD_RUNPATH_SEARCH_PATHS = (
					"$(inherited)",
					"@executable_path/../Frameworks",
					"@executable_path/../../../../Frameworks",
				);
				MACOSX_DEPLOYMENT_TARGET = 10.10;
				MTL_ENABLE_DEBUG_INFO = INCLUDE_SOURCE;
				MTL_FAST_MATH = YES;
				PRODUCT_BUNDLE_IDENTIFIER = com.baitianwei.XcodeExtension.SortLines;
				PRODUCT_NAME = "$(TARGET_NAME)";
				SKIP_INSTALL = YES;
				SWIFT_VERSION = 5.0;
			};
			name = Debug;
		};
		DEAC87FB2202F6930088C4EF /* Release */ = {
			isa = XCBuildConfiguration;
			buildSettings = {
				CODE_SIGN_ENTITLEMENTS = SortLines/SortLines.entitlements;
				CODE_SIGN_IDENTITY = "-";
				CODE_SIGN_STYLE = Automatic;
				COMBINE_HIDPI_IMAGES = YES;
				DEVELOPMENT_TEAM = 332QVDVX2N;
				INFOPLIST_FILE = SortLines/Info.plist;
				LD_RUNPATH_SEARCH_PATHS = (
					"$(inherited)",
					"@executable_path/../Frameworks",
					"@executable_path/../../../../Frameworks",
				);
				MACOSX_DEPLOYMENT_TARGET = 10.10;
				MTL_FAST_MATH = YES;
				PRODUCT_BUNDLE_IDENTIFIER = com.baitianwei.XcodeExtension.SortLines;
				PRODUCT_NAME = "$(TARGET_NAME)";
				SKIP_INSTALL = YES;
				SWIFT_VERSION = 5.0;
			};
			name = Release;
		};
/* End XCBuildConfiguration section */

/* Begin XCConfigurationList section */
		DE432E65213530AE0018D555 /* Build configuration list for PBXProject "XcodeExtension" */ = {
			isa = XCConfigurationList;
			buildConfigurations = (
				DE432E78213530B00018D555 /* Debug */,
				DE432E79213530B00018D555 /* Release */,
			);
			defaultConfigurationIsVisible = 0;
			defaultConfigurationName = Release;
		};
		DE432E7A213530B00018D555 /* Build configuration list for PBXNativeTarget "XcodeExtension" */ = {
			isa = XCConfigurationList;
			buildConfigurations = (
				DE432E7B213530B00018D555 /* Debug */,
				DE432E7C213530B00018D555 /* Release */,
			);
			defaultConfigurationIsVisible = 0;
			defaultConfigurationName = Release;
		};
		DE5E852321E78BF400F2DC48 /* Build configuration list for PBXNativeTarget "ConvertFromSnakeCase" */ = {
			isa = XCConfigurationList;
			buildConfigurations = (
				DE5E852121E78BF400F2DC48 /* Debug */,
				DE5E852221E78BF400F2DC48 /* Release */,
			);
			defaultConfigurationIsVisible = 0;
			defaultConfigurationName = Release;
		};
		DEAC87E42202F49F0088C4EF /* Build configuration list for PBXNativeTarget "DeleteEmptyLines" */ = {
			isa = XCConfigurationList;
			buildConfigurations = (
				DEAC87E52202F49F0088C4EF /* Debug */,
				DEAC87E62202F49F0088C4EF /* Release */,
			);
			defaultConfigurationIsVisible = 0;
			defaultConfigurationName = Release;
		};
		DEAC87F92202F6930088C4EF /* Build configuration list for PBXNativeTarget "SortLines" */ = {
			isa = XCConfigurationList;
			buildConfigurations = (
				DEAC87FA2202F6930088C4EF /* Debug */,
				DEAC87FB2202F6930088C4EF /* Release */,
			);
			defaultConfigurationIsVisible = 0;
			defaultConfigurationName = Release;
		};
/* End XCConfigurationList section */
	};
	rootObject = DE432E62213530AE0018D555 /* Project object */;
}
